
Microsoft Visual Studio Solution File, Format Version 12.00
# Visual Studio Version 17
VisualStudioVersion = 17.2.32616.157
MinimumVisualStudioVersion = 10.0.40219.1
Project("{FAE04EC0-301F-11D3-BF4B-00C04F79EFBC}") = "BallParkApplication", "BallParkApplication.csproj", "{A94C2648-DFDD-43F9-BA57-983A354FA4A8}"
EndProject
Global
	GlobalSection(SolutionConfigurationPlatforms) = preSolution
		Debug|Any CPU = Debug|Any CPU
		Release|Any CPU = Release|Any CPU
	EndGlobalSection
	GlobalSection(ProjectConfigurationPlatforms) = postSolution
		{A94C2648-DFDD-43F9-BA57-983A354FA4A8}.Debug|Any CPU.ActiveCfg = Debug|Any CPU
		{A94C2648-DFDD-43F9-BA57-983A354FA4A8}.Debug|Any CPU.Build.0 = Debug|Any CPU
		{A94C2648-DFDD-43F9-BA57-983A354FA4A8}.Release|Any CPU.ActiveCfg = Release|Any CPU
		{A94C2648-DFDD-43F9-BA57-983A354FA4A8}.Release|Any CPU.Build.0 = Release|Any CPU
	EndGlobalSection
	GlobalSection(SolutionProperties) = preSolution
		HideSolutionNode = FALSE
	EndGlobalSection
	GlobalSection(ExtensibilityGlobals) = postSolution
		SolutionGuid = {6C3D45FB-3C8A-4113-A010-FDFDE617D964}
	EndGlobalSection
EndGlobal
